# THIS IS AN AUTOGENERATED FILE. DO NOT EDIT THIS FILE DIRECTLY.
# yarn lockfile v1


crypto-js@^4.2.0:
  version "4.2.0"
  resolved "https://registry.npmmirror.com/crypto-js/-/crypto-js-4.2.0.tgz#4d931639ecdfd12ff80e8186dba6af2c2e856631"
  integrity sha512-KALDyEYgpY+Rlob/iriUtjV6d5Eq+Y191A5g4UqLAi8CyGP9N1+FdVbkc1SxKc2r4YAYqG8JzO2KGL+AizD70Q==

deepmerge@^4.2.2:
  version "4.3.1"
  resolved "https://registry.npmmirror.com/deepmerge/-/deepmerge-4.3.1.tgz#44b5f2147cd3b00d4b56137685966f26fd25dd4a"
  integrity sha512-3sUqbMEc77XqpdNO7FRyRog+eW3ph+GYCbj+rK+uYyRMuwsVy0rMiVtPn+QJlKFvWP/1PYpapqYn0Me2knFn+A==

lodash@^4.17.21:
  version "4.17.21"
  resolved "https://registry.npmmirror.com/lodash/-/lodash-4.17.21.tgz#679591c564c3bffaae8454cf0b3df370c3d6911c"
  integrity sha512-v2kDEe57lecTulaDIuNTPy3Ry4gLGJ6Z1O3vE1krgXZNrsQ+LFTGHVxVjcXPs17LhbZVGedAJv8XZ1tvj5FvSg==

mp-html@^2.5.0:
  version "2.5.0"
  resolved "https://registry.npmmirror.com/mp-html/-/mp-html-2.5.0.tgz#8bcb8c1d84ca8689587b4b7f2cf1d3a9730f8ba4"
  integrity sha512-uvBH5tIaDIlj8qaxsvNXU3RKX0jvXOo3J6FAi/notUv/ds6j79UUTE82aDkxxUk0eLUU0CiCqMrR7WWnytk30Q==

shvl@^2.0.3:
  version "2.0.3"
  resolved "https://registry.npmmirror.com/shvl/-/shvl-2.0.3.tgz#eb4bd37644f5684bba1fc52c3010c96fb5e6afd1"
  integrity sha512-V7C6S9Hlol6SzOJPnQ7qzOVEWUQImt3BNmmzh40wObhla3XOYMe4gGiYzLrJd5TFa+cI2f9LKIRJTTKZSTbWgw==

uni-ui@^1.0.0:
  version "1.0.0"
  resolved "https://registry.npmmirror.com/uni-ui/-/uni-ui-1.0.0.tgz#710ad7be190a69163deb3ea2677a4cd6eb0dd50b"
  integrity sha512-NDN1mfZhMa0FCnEt3vyqBcNUCHcz+At2+OgcPakCwm3SsXeKZ8Qk7u60CpxqVmhnk14jhgJdxgtCpwx1yW96VQ==

vuex-persistedstate@^4.1.0:
  version "4.1.0"
  resolved "https://registry.npmmirror.com/vuex-persistedstate/-/vuex-persistedstate-4.1.0.tgz#127165f85f5b4534fb3170a5d3a8be9811bd2a53"
  integrity sha512-3SkEj4NqwM69ikJdFVw6gObeB0NHyspRYMYkR/EbhR0hbvAKyR5gksVhtAfY1UYuWUOCCA0QNGwv9pOwdj+XUQ==
  dependencies:
    deepmerge "^4.2.2"
    shvl "^2.0.3"
